
Microsoft Visual Studio Solution File, Format Version 12.00
# Visual Studio Version 17
VisualStudioVersion = 17.0.31903.59
MinimumVisualStudioVersion = 10.0.40219.1
Project("{2150E333-8FDC-42A3-9474-1A3956D46DE8}") = "src", "src", "{827E0CD3-B72D-47B6-A68D-7590B98EB39B}"
EndProject
Project("{FAE04EC0-301F-11D3-BF4B-00C04F79EFBC}") = "LocalAI.Audio", "src\LocalAI.Audio\LocalAI.Audio.csproj", "{C27B97C6-09F8-4CB2-A332-DB991D2F84C5}"
EndProject
Project("{FAE04EC0-301F-11D3-BF4B-00C04F79EFBC}") = "LocalAI.Core", "src\LocalAI.Core\LocalAI.Core.csproj", "{057DC77D-E71E-45D0-8504-DD4D992D8360}"
EndProject
Project("{FAE04EC0-301F-11D3-BF4B-00C04F79EFBC}") = "LocalAI.Configuration", "src\LocalAI.Configuration\LocalAI.Configuration.csproj", "{C2C4D880-1026-4BAC-8466-8F23982F51EA}"
EndProject
Project("{FAE04EC0-301F-11D3-BF4B-00C04F79EFBC}") = "LocalAI.Infrastructure", "src\LocalAI.Infrastructure\LocalAI.Infrastructure.csproj", "{F05734BF-E15A-4737-8461-D0727E796955}"
EndProject
Project("{FAE04EC0-301F-11D3-BF4B-00C04F79EFBC}") = "LocalAI.LLM", "src\LocalAI.LLM\LocalAI.LLM.csproj", "{5387FF15-F037-4B14-9FAE-8A4E156BE88B}"
EndProject
Project("{FAE04EC0-301F-11D3-BF4B-00C04F79EFBC}") = "LocalAI.Memory", "src\LocalAI.Memory\LocalAI.Memory.csproj", "{E0FC56DF-5E3F-49E5-B5E6-2D8454E618AB}"
EndProject
Project("{FAE04EC0-301F-11D3-BF4B-00C04F79EFBC}") = "LocalAI.Speech", "src\LocalAI.Speech\LocalAI.Speech.csproj", "{9CC7CEE6-689C-44EA-99E3-866149C98DF5}"
EndProject
Project("{2150E333-8FDC-42A3-9474-1A3956D46DE8}") = "tests", "tests", "{0AB3BF05-4346-4AA6-1389-037BE0695223}"
EndProject
Project("{FAE04EC0-301F-11D3-BF4B-00C04F79EFBC}") = "LocalAI.Core.Tests", "tests\LocalAI.Core.Tests\LocalAI.Core.Tests.csproj", "{D487CB8A-B001-4F2C-8FDA-C82250529470}"
EndProject
Project("{FAE04EC0-301F-11D3-BF4B-00C04F79EFBC}") = "LocalAI.Infrastructure.Tests", "tests\LocalAI.Infrastructure.Tests\LocalAI.Infrastructure.Tests.csproj", "{EE941EA2-5BB2-4466-B98F-E950A735648B}"
EndProject
Project("{FAE04EC0-301F-11D3-BF4B-00C04F79EFBC}") = "LocalAI.Integration.Tests", "tests\LocalAI.Integration.Tests\LocalAI.Integration.Tests.csproj", "{2B62B9E6-480F-4952-B68C-EE03A0FB13ED}"
EndProject
Project("{FAE04EC0-301F-11D3-BF4B-00C04F79EFBC}") = "LocalAI.Memory.Tests", "tests\LocalAI.Memory.Tests\LocalAI.Memory.Tests.csproj", "{8E3AF7FE-50E9-44F7-BC4D-78866C6DC012}"
EndProject
Project("{FAE04EC0-301F-11D3-BF4B-00C04F79EFBC}") = "LocalAI.App", "src\LocalAI.App\LocalAI.App.csproj", "{F85BC4D0-485E-4A19-BD1C-DB61D0FDBCA8}"
EndProject
Project("{FAE04EC0-301F-11D3-BF4B-00C04F79EFBC}") = "LocalAI.Models", "src\LocalAI.Models\LocalAI.Models.csproj", "{5A4D5A04-F1D0-409E-ABC7-15639886760D}"
EndProject
Global
	GlobalSection(SolutionConfigurationPlatforms) = preSolution
		Debug|Any CPU = Debug|Any CPU
		Debug|x64 = Debug|x64
		Debug|x86 = Debug|x86
		Release|Any CPU = Release|Any CPU
		Release|x64 = Release|x64
		Release|x86 = Release|x86
	EndGlobalSection
	GlobalSection(ProjectConfigurationPlatforms) = postSolution
		{C27B97C6-09F8-4CB2-A332-DB991D2F84C5}.Debug|Any CPU.ActiveCfg = Debug|x64
		{C27B97C6-09F8-4CB2-A332-DB991D2F84C5}.Debug|Any CPU.Build.0 = Debug|x64
		{C27B97C6-09F8-4CB2-A332-DB991D2F84C5}.Debug|x64.ActiveCfg = Debug|x64
		{C27B97C6-09F8-4CB2-A332-DB991D2F84C5}.Debug|x64.Build.0 = Debug|x64
		{C27B97C6-09F8-4CB2-A332-DB991D2F84C5}.Debug|x86.ActiveCfg = Debug|x64
		{C27B97C6-09F8-4CB2-A332-DB991D2F84C5}.Debug|x86.Build.0 = Debug|x64
		{C27B97C6-09F8-4CB2-A332-DB991D2F84C5}.Release|Any CPU.ActiveCfg = Release|x64
		{C27B97C6-09F8-4CB2-A332-DB991D2F84C5}.Release|Any CPU.Build.0 = Release|x64
		{C27B97C6-09F8-4CB2-A332-DB991D2F84C5}.Release|x64.ActiveCfg = Release|x64
		{C27B97C6-09F8-4CB2-A332-DB991D2F84C5}.Release|x64.Build.0 = Release|x64
		{C27B97C6-09F8-4CB2-A332-DB991D2F84C5}.Release|x86.ActiveCfg = Release|x64
		{C27B97C6-09F8-4CB2-A332-DB991D2F84C5}.Release|x86.Build.0 = Release|x64
		{057DC77D-E71E-45D0-8504-DD4D992D8360}.Debug|Any CPU.ActiveCfg = Debug|x64
		{057DC77D-E71E-45D0-8504-DD4D992D8360}.Debug|Any CPU.Build.0 = Debug|x64
		{057DC77D-E71E-45D0-8504-DD4D992D8360}.Debug|x64.ActiveCfg = Debug|x64
		{057DC77D-E71E-45D0-8504-DD4D992D8360}.Debug|x64.Build.0 = Debug|x64
		{057DC77D-E71E-45D0-8504-DD4D992D8360}.Debug|x86.ActiveCfg = Debug|x64
		{057DC77D-E71E-45D0-8504-DD4D992D8360}.Debug|x86.Build.0 = Debug|x64
		{057DC77D-E71E-45D0-8504-DD4D992D8360}.Release|Any CPU.ActiveCfg = Release|x64
		{057DC77D-E71E-45D0-8504-DD4D992D8360}.Release|Any CPU.Build.0 = Release|x64
		{057DC77D-E71E-45D0-8504-DD4D992D8360}.Release|x64.ActiveCfg = Release|x64
		{057DC77D-E71E-45D0-8504-DD4D992D8360}.Release|x64.Build.0 = Release|x64
		{057DC77D-E71E-45D0-8504-DD4D992D8360}.Release|x86.ActiveCfg = Release|x64
		{057DC77D-E71E-45D0-8504-DD4D992D8360}.Release|x86.Build.0 = Release|x64
		{C2C4D880-1026-4BAC-8466-8F23982F51EA}.Debug|Any CPU.ActiveCfg = Debug|x64
		{C2C4D880-1026-4BAC-8466-8F23982F51EA}.Debug|Any CPU.Build.0 = Debug|x64
		{C2C4D880-1026-4BAC-8466-8F23982F51EA}.Debug|x64.ActiveCfg = Debug|x64
		{C2C4D880-1026-4BAC-8466-8F23982F51EA}.Debug|x64.Build.0 = Debug|x64
		{C2C4D880-1026-4BAC-8466-8F23982F51EA}.Debug|x86.ActiveCfg = Debug|x64
		{C2C4D880-1026-4BAC-8466-8F23982F51EA}.Debug|x86.Build.0 = Debug|x64
		{C2C4D880-1026-4BAC-8466-8F23982F51EA}.Release|Any CPU.ActiveCfg = Release|x64
		{C2C4D880-1026-4BAC-8466-8F23982F51EA}.Release|Any CPU.Build.0 = Release|x64
		{C2C4D880-1026-4BAC-8466-8F23982F51EA}.Release|x64.ActiveCfg = Release|x64
		{C2C4D880-1026-4BAC-8466-8F23982F51EA}.Release|x64.Build.0 = Release|x64
		{C2C4D880-1026-4BAC-8466-8F23982F51EA}.Release|x86.ActiveCfg = Release|x64
		{C2C4D880-1026-4BAC-8466-8F23982F51EA}.Release|x86.Build.0 = Release|x64
		{F05734BF-E15A-4737-8461-D0727E796955}.Debug|Any CPU.ActiveCfg = Debug|x64
		{F05734BF-E15A-4737-8461-D0727E796955}.Debug|Any CPU.Build.0 = Debug|x64
		{F05734BF-E15A-4737-8461-D0727E796955}.Debug|x64.ActiveCfg = Debug|x64
		{F05734BF-E15A-4737-8461-D0727E796955}.Debug|x64.Build.0 = Debug|x64
		{F05734BF-E15A-4737-8461-D0727E796955}.Debug|x86.ActiveCfg = Debug|x64
		{F05734BF-E15A-4737-8461-D0727E796955}.Debug|x86.Build.0 = Debug|x64
		{F05734BF-E15A-4737-8461-D0727E796955}.Release|Any CPU.ActiveCfg = Release|x64
		{F05734BF-E15A-4737-8461-D0727E796955}.Release|Any CPU.Build.0 = Release|x64
		{F05734BF-E15A-4737-8461-D0727E796955}.Release|x64.ActiveCfg = Release|x64
		{F05734BF-E15A-4737-8461-D0727E796955}.Release|x64.Build.0 = Release|x64
		{F05734BF-E15A-4737-8461-D0727E796955}.Release|x86.ActiveCfg = Release|x64
		{F05734BF-E15A-4737-8461-D0727E796955}.Release|x86.Build.0 = Release|x64
		{5387FF15-F037-4B14-9FAE-8A4E156BE88B}.Debug|Any CPU.ActiveCfg = Debug|x64
		{5387FF15-F037-4B14-9FAE-8A4E156BE88B}.Debug|Any CPU.Build.0 = Debug|x64
		{5387FF15-F037-4B14-9FAE-8A4E156BE88B}.Debug|x64.ActiveCfg = Debug|x64
		{5387FF15-F037-4B14-9FAE-8A4E156BE88B}.Debug|x64.Build.0 = Debug|x64
		{5387FF15-F037-4B14-9FAE-8A4E156BE88B}.Debug|x86.ActiveCfg = Debug|x64
		{5387FF15-F037-4B14-9FAE-8A4E156BE88B}.Debug|x86.Build.0 = Debug|x64
		{5387FF15-F037-4B14-9FAE-8A4E156BE88B}.Release|Any CPU.ActiveCfg = Release|x64
		{5387FF15-F037-4B14-9FAE-8A4E156BE88B}.Release|Any CPU.Build.0 = Release|x64
		{5387FF15-F037-4B14-9FAE-8A4E156BE88B}.Release|x64.ActiveCfg = Release|x64
		{5387FF15-F037-4B14-9FAE-8A4E156BE88B}.Release|x64.Build.0 = Release|x64
		{5387FF15-F037-4B14-9FAE-8A4E156BE88B}.Release|x86.ActiveCfg = Release|x64
		{5387FF15-F037-4B14-9FAE-8A4E156BE88B}.Release|x86.Build.0 = Release|x64
		{E0FC56DF-5E3F-49E5-B5E6-2D8454E618AB}.Debug|Any CPU.ActiveCfg = Debug|x64
		{E0FC56DF-5E3F-49E5-B5E6-2D8454E618AB}.Debug|Any CPU.Build.0 = Debug|x64
		{E0FC56DF-5E3F-49E5-B5E6-2D8454E618AB}.Debug|x64.ActiveCfg = Debug|x64
		{E0FC56DF-5E3F-49E5-B5E6-2D8454E618AB}.Debug|x64.Build.0 = Debug|x64
		{E0FC56DF-5E3F-49E5-B5E6-2D8454E618AB}.Debug|x86.ActiveCfg = Debug|x64
		{E0FC56DF-5E3F-49E5-B5E6-2D8454E618AB}.Debug|x86.Build.0 = Debug|x64
		{E0FC56DF-5E3F-49E5-B5E6-2D8454E618AB}.Release|Any CPU.ActiveCfg = Release|x64
		{E0FC56DF-5E3F-49E5-B5E6-2D8454E618AB}.Release|Any CPU.Build.0 = Release|x64
		{E0FC56DF-5E3F-49E5-B5E6-2D8454E618AB}.Release|x64.ActiveCfg = Release|x64
		{E0FC56DF-5E3F-49E5-B5E6-2D8454E618AB}.Release|x64.Build.0 = Release|x64
		{E0FC56DF-5E3F-49E5-B5E6-2D8454E618AB}.Release|x86.ActiveCfg = Release|x64
		{E0FC56DF-5E3F-49E5-B5E6-2D8454E618AB}.Release|x86.Build.0 = Release|x64
		{9CC7CEE6-689C-44EA-99E3-866149C98DF5}.Debug|Any CPU.ActiveCfg = Debug|x64
		{9CC7CEE6-689C-44EA-99E3-866149C98DF5}.Debug|Any CPU.Build.0 = Debug|x64
		{9CC7CEE6-689C-44EA-99E3-866149C98DF5}.Debug|x64.ActiveCfg = Debug|x64
		{9CC7CEE6-689C-44EA-99E3-866149C98DF5}.Debug|x64.Build.0 = Debug|x64
		{9CC7CEE6-689C-44EA-99E3-866149C98DF5}.Debug|x86.ActiveCfg = Debug|x64
		{9CC7CEE6-689C-44EA-99E3-866149C98DF5}.Debug|x86.Build.0 = Debug|x64
		{9CC7CEE6-689C-44EA-99E3-866149C98DF5}.Release|Any CPU.ActiveCfg = Release|x64
		{9CC7CEE6-689C-44EA-99E3-866149C98DF5}.Release|Any CPU.Build.0 = Release|x64
		{9CC7CEE6-689C-44EA-99E3-866149C98DF5}.Release|x64.ActiveCfg = Release|x64
		{9CC7CEE6-689C-44EA-99E3-866149C98DF5}.Release|x64.Build.0 = Release|x64
		{9CC7CEE6-689C-44EA-99E3-866149C98DF5}.Release|x86.ActiveCfg = Release|x64
		{9CC7CEE6-689C-44EA-99E3-866149C98DF5}.Release|x86.Build.0 = Release|x64
		{D487CB8A-B001-4F2C-8FDA-C82250529470}.Debug|Any CPU.ActiveCfg = Debug|x64
		{D487CB8A-B001-4F2C-8FDA-C82250529470}.Debug|Any CPU.Build.0 = Debug|x64
		{D487CB8A-B001-4F2C-8FDA-C82250529470}.Debug|x64.ActiveCfg = Debug|x64
		{D487CB8A-B001-4F2C-8FDA-C82250529470}.Debug|x64.Build.0 = Debug|x64
		{D487CB8A-B001-4F2C-8FDA-C82250529470}.Debug|x86.ActiveCfg = Debug|x64
		{D487CB8A-B001-4F2C-8FDA-C82250529470}.Debug|x86.Build.0 = Debug|x64
		{D487CB8A-B001-4F2C-8FDA-C82250529470}.Release|Any CPU.ActiveCfg = Release|x64
		{D487CB8A-B001-4F2C-8FDA-C82250529470}.Release|Any CPU.Build.0 = Release|x64
		{D487CB8A-B001-4F2C-8FDA-C82250529470}.Release|x64.ActiveCfg = Release|x64
		{D487CB8A-B001-4F2C-8FDA-C82250529470}.Release|x64.Build.0 = Release|x64
		{D487CB8A-B001-4F2C-8FDA-C82250529470}.Release|x86.ActiveCfg = Release|x64
		{D487CB8A-B001-4F2C-8FDA-C82250529470}.Release|x86.Build.0 = Release|x64
		{EE941EA2-5BB2-4466-B98F-E950A735648B}.Debug|Any CPU.ActiveCfg = Debug|x64
		{EE941EA2-5BB2-4466-B98F-E950A735648B}.Debug|Any CPU.Build.0 = Debug|x64
		{EE941EA2-5BB2-4466-B98F-E950A735648B}.Debug|x64.ActiveCfg = Debug|x64
		{EE941EA2-5BB2-4466-B98F-E950A735648B}.Debug|x64.Build.0 = Debug|x64
		{EE941EA2-5BB2-4466-B98F-E950A735648B}.Debug|x86.ActiveCfg = Debug|x64
		{EE941EA2-5BB2-4466-B98F-E950A735648B}.Debug|x86.Build.0 = Debug|x64
		{EE941EA2-5BB2-4466-B98F-E950A735648B}.Release|Any CPU.ActiveCfg = Release|x64
		{EE941EA2-5BB2-4466-B98F-E950A735648B}.Release|Any CPU.Build.0 = Release|x64
		{EE941EA2-5BB2-4466-B98F-E950A735648B}.Release|x64.ActiveCfg = Release|x64
		{EE941EA2-5BB2-4466-B98F-E950A735648B}.Release|x64.Build.0 = Release|x64
		{EE941EA2-5BB2-4466-B98F-E950A735648B}.Release|x86.ActiveCfg = Release|x64
		{EE941EA2-5BB2-4466-B98F-E950A735648B}.Release|x86.Build.0 = Release|x64
		{2B62B9E6-480F-4952-B68C-EE03A0FB13ED}.Debug|Any CPU.ActiveCfg = Debug|x64
		{2B62B9E6-480F-4952-B68C-EE03A0FB13ED}.Debug|Any CPU.Build.0 = Debug|x64
		{2B62B9E6-480F-4952-B68C-EE03A0FB13ED}.Debug|x64.ActiveCfg = Debug|x64
		{2B62B9E6-480F-4952-B68C-EE03A0FB13ED}.Debug|x64.Build.0 = Debug|x64
		{2B62B9E6-480F-4952-B68C-EE03A0FB13ED}.Debug|x86.ActiveCfg = Debug|x64
		{2B62B9E6-480F-4952-B68C-EE03A0FB13ED}.Debug|x86.Build.0 = Debug|x64
		{2B62B9E6-480F-4952-B68C-EE03A0FB13ED}.Release|Any CPU.ActiveCfg = Release|x64
		{2B62B9E6-480F-4952-B68C-EE03A0FB13ED}.Release|Any CPU.Build.0 = Release|x64
		{2B62B9E6-480F-4952-B68C-EE03A0FB13ED}.Release|x64.ActiveCfg = Release|x64
		{2B62B9E6-480F-4952-B68C-EE03A0FB13ED}.Release|x64.Build.0 = Release|x64
		{2B62B9E6-480F-4952-B68C-EE03A0FB13ED}.Release|x86.ActiveCfg = Release|x64
		{2B62B9E6-480F-4952-B68C-EE03A0FB13ED}.Release|x86.Build.0 = Release|x64
		{8E3AF7FE-50E9-44F7-BC4D-78866C6DC012}.Debug|Any CPU.ActiveCfg = Debug|x64
		{8E3AF7FE-50E9-44F7-BC4D-78866C6DC012}.Debug|Any CPU.Build.0 = Debug|x64
		{8E3AF7FE-50E9-44F7-BC4D-78866C6DC012}.Debug|x64.ActiveCfg = Debug|x64
		{8E3AF7FE-50E9-44F7-BC4D-78866C6DC012}.Debug|x64.Build.0 = Debug|x64
		{8E3AF7FE-50E9-44F7-BC4D-78866C6DC012}.Debug|x86.ActiveCfg = Debug|x64
		{8E3AF7FE-50E9-44F7-BC4D-78866C6DC012}.Debug|x86.Build.0 = Debug|x64
		{8E3AF7FE-50E9-44F7-BC4D-78866C6DC012}.Release|Any CPU.ActiveCfg = Release|x64
		{8E3AF7FE-50E9-44F7-BC4D-78866C6DC012}.Release|Any CPU.Build.0 = Release|x64
		{8E3AF7FE-50E9-44F7-BC4D-78866C6DC012}.Release|x64.ActiveCfg = Release|x64
		{8E3AF7FE-50E9-44F7-BC4D-78866C6DC012}.Release|x64.Build.0 = Release|x64
		{8E3AF7FE-50E9-44F7-BC4D-78866C6DC012}.Release|x86.ActiveCfg = Release|x64
		{8E3AF7FE-50E9-44F7-BC4D-78866C6DC012}.Release|x86.Build.0 = Release|x64
		{F85BC4D0-485E-4A19-BD1C-DB61D0FDBCA8}.Debug|Any CPU.ActiveCfg = Debug|x64
		{F85BC4D0-485E-4A19-BD1C-DB61D0FDBCA8}.Debug|Any CPU.Build.0 = Debug|x64
		{F85BC4D0-485E-4A19-BD1C-DB61D0FDBCA8}.Debug|x64.ActiveCfg = Debug|x64
		{F85BC4D0-485E-4A19-BD1C-DB61D0FDBCA8}.Debug|x64.Build.0 = Debug|x64
		{F85BC4D0-485E-4A19-BD1C-DB61D0FDBCA8}.Debug|x86.ActiveCfg = Debug|x64
		{F85BC4D0-485E-4A19-BD1C-DB61D0FDBCA8}.Debug|x86.Build.0 = Debug|x64
		{F85BC4D0-485E-4A19-BD1C-DB61D0FDBCA8}.Release|Any CPU.ActiveCfg = Release|x64
		{F85BC4D0-485E-4A19-BD1C-DB61D0FDBCA8}.Release|Any CPU.Build.0 = Release|x64
		{F85BC4D0-485E-4A19-BD1C-DB61D0FDBCA8}.Release|x64.ActiveCfg = Release|x64
		{F85BC4D0-485E-4A19-BD1C-DB61D0FDBCA8}.Release|x64.Build.0 = Release|x64
		{F85BC4D0-485E-4A19-BD1C-DB61D0FDBCA8}.Release|x86.ActiveCfg = Release|x64
		{F85BC4D0-485E-4A19-BD1C-DB61D0FDBCA8}.Release|x86.Build.0 = Release|x64
		{5A4D5A04-F1D0-409E-ABC7-15639886760D}.Debug|Any CPU.ActiveCfg = Debug|x64
		{5A4D5A04-F1D0-409E-ABC7-15639886760D}.Debug|Any CPU.Build.0 = Debug|x64
		{5A4D5A04-F1D0-409E-ABC7-15639886760D}.Debug|x64.ActiveCfg = Debug|x64
		{5A4D5A04-F1D0-409E-ABC7-15639886760D}.Debug|x64.Build.0 = Debug|x64
		{5A4D5A04-F1D0-409E-ABC7-15639886760D}.Debug|x86.ActiveCfg = Debug|x64
		{5A4D5A04-F1D0-409E-ABC7-15639886760D}.Debug|x86.Build.0 = Debug|x64
		{5A4D5A04-F1D0-409E-ABC7-15639886760D}.Release|Any CPU.ActiveCfg = Release|x64
		{5A4D5A04-F1D0-409E-ABC7-15639886760D}.Release|Any CPU.Build.0 = Release|x64
		{5A4D5A04-F1D0-409E-ABC7-15639886760D}.Release|x64.ActiveCfg = Release|x64
		{5A4D5A04-F1D0-409E-ABC7-15639886760D}.Release|x64.Build.0 = Release|x64
		{5A4D5A04-F1D0-409E-ABC7-15639886760D}.Release|x86.ActiveCfg = Release|x64
		{5A4D5A04-F1D0-409E-ABC7-15639886760D}.Release|x86.Build.0 = Release|x64
	EndGlobalSection
	GlobalSection(SolutionProperties) = preSolution
		HideSolutionNode = FALSE
	EndGlobalSection
	GlobalSection(NestedProjects) = preSolution
		{C27B97C6-09F8-4CB2-A332-DB991D2F84C5} = {827E0CD3-B72D-47B6-A68D-7590B98EB39B}
		{057DC77D-E71E-45D0-8504-DD4D992D8360} = {827E0CD3-B72D-47B6-A68D-7590B98EB39B}
		{C2C4D880-1026-4BAC-8466-8F23982F51EA} = {827E0CD3-B72D-47B6-A68D-7590B98EB39B}
		{F05734BF-E15A-4737-8461-D0727E796955} = {827E0CD3-B72D-47B6-A68D-7590B98EB39B}
		{5387FF15-F037-4B14-9FAE-8A4E156BE88B} = {827E0CD3-B72D-47B6-A68D-7590B98EB39B}
		{E0FC56DF-5E3F-49E5-B5E6-2D8454E618AB} = {827E0CD3-B72D-47B6-A68D-7590B98EB39B}
		{9CC7CEE6-689C-44EA-99E3-866149C98DF5} = {827E0CD3-B72D-47B6-A68D-7590B98EB39B}
		{D487CB8A-B001-4F2C-8FDA-C82250529470} = {0AB3BF05-4346-4AA6-1389-037BE0695223}
		{EE941EA2-5BB2-4466-B98F-E950A735648B} = {0AB3BF05-4346-4AA6-1389-037BE0695223}
		{2B62B9E6-480F-4952-B68C-EE03A0FB13ED} = {0AB3BF05-4346-4AA6-1389-037BE0695223}
		{8E3AF7FE-50E9-44F7-BC4D-78866C6DC012} = {0AB3BF05-4346-4AA6-1389-037BE0695223}
		{F85BC4D0-485E-4A19-BD1C-DB61D0FDBCA8} = {827E0CD3-B72D-47B6-A68D-7590B98EB39B}
		{5A4D5A04-F1D0-409E-ABC7-15639886760D} = {827E0CD3-B72D-47B6-A68D-7590B98EB39B}
	EndGlobalSection
EndGlobal
